{
  "originHash" : "49e81970bb1ed8df67a47080fff75a0e71be3547839221216ea0eb8052aad96a",
  "pins" : [
    {
      "identity" : "swift-syntax",
      "kind" : "remoteSourceControl",
      "location" : "https://github.com/swiftlang/swift-syntax.git",
      "state" : {
        "revision" : "9de99a78f099e59caf2b2beec65a4c45d54b2081",
        "version" : "603.0.1"
      }
    }
  ],
  "version" : 3
}
